
Microsoft Visual Studio Solution File, Format Version 12.00
# Visual Studio Version 17
VisualStudioVersion = 17.13.35931.197 d17.13
MinimumVisualStudioVersion = 10.0.40219.1
Project("{FAE04EC0-301F-11D3-BF4B-00C04F79EFBC}") = "Bit.FindBit.Api", "Bit.FindBit\Bit.FindBit.Api.csproj", "{59214284-9D66-49BA-93C4-9632F43814A1}"
EndProject
Global
	GlobalSection(SolutionConfigurationPlatforms) = preSolution
		Debug|Any CPU = Debug|Any CPU
		Release|Any CPU = Release|Any CPU
	EndGlobalSection
	GlobalSection(ProjectConfigurationPlatforms) = postSolution
		{59214284-9D66-49BA-93C4-9632F43814A1}.Debug|Any CPU.ActiveCfg = Debug|Any CPU
		{59214284-9D66-49BA-93C4-9632F43814A1}.Debug|Any CPU.Build.0 = Debug|Any CPU
		{59214284-9D66-49BA-93C4-9632F43814A1}.Release|Any CPU.ActiveCfg = Release|Any CPU
		{59214284-9D66-49BA-93C4-9632F43814A1}.Release|Any CPU.Build.0 = Release|Any CPU
	EndGlobalSection
	GlobalSection(SolutionProperties) = preSolution
		HideSolutionNode = FALSE
	EndGlobalSection
	GlobalSection(ExtensibilityGlobals) = postSolution
		SolutionGuid = {CEF779A5-17D3-416E-87A2-DBD00124036F}
	EndGlobalSection
EndGlobal
